{
    "name": "bmoreTech",
    "version": "0.0.1",
    "lockfileVersion": 1,
    "requires": true,
    "dependencies": {
        "@babel/runtime": {
            "version": "7.15.4",
            "resolved": "https://registry.npmjs.org/@babel/runtime/-/runtime-7.15.4.tgz",
            "integrity": "sha512-99catp6bHCaxr4sJ/DbTGgHS4+Rs2RVd2g7iOap6SLGPDknRK9ztKNsE/Fg6QhSeh1FGE5f6gHGQmvvn3I3xhw==",
            "requires": {
                "regenerator-runtime": "^0.13.4"
            }
        },
        "@emotion/hash": {
            "version": "0.8.0",
            "resolved": "https://registry.npmjs.org/@emotion/hash/-/hash-0.8.0.tgz",
            "integrity": "sha512-kBJtf7PH6aWwZ6fka3zQ0p6SBYzx4fl1LoZXE2RrnYST9Xljm7WfKJrU4g/Xr3Beg72MLrp1AWNUmuYJTL7Cow=="
        },
        "@fluentui/accessibility": {
            "version": "0.57.0",
            "resolved": "https://registry.npmjs.org/@fluentui/accessibility/-/accessibility-0.57.0.tgz",
            "integrity": "sha512-s/XZwVKwVzU02Nl1kCQ+Qq2q9u0uLhd7cGDh2amFgWklUGaIgu+/01gLOk95OVCNfs21cA7XZpnJxdNy0ZeEqQ==",
            "requires": {
                "@babel/runtime": "^7.10.4",
                "lodash": "^4.17.15"
            }
        },
        "@fluentui/date-time-utilities": {
            "version": "8.2.2",
            "resolved": "https://registry.npmjs.org/@fluentui/date-time-utilities/-/date-time-utilities-8.2.2.tgz",
            "integrity": "sha512-djHrX/38ty+F93qLQjzmRzPzK598CW9g/RPhQH6GyrFBLPSWM1swYKB5TP6E7FrIf+fT4pVqrNUSYZhgi2rrOQ==",
            "requires": {
                "@fluentui/set-version": "^8.1.4",
                "tslib": "^2.1.0"
            }
        },
        "@fluentui/dom-utilities": {
            "version": "2.1.4",
            "resolved": "https://registry.npmjs.org/@fluentui/dom-utilities/-/dom-utilities-2.1.4.tgz",
            "integrity": "sha512-+gsAnEjgoKB37o+tsMdSLtgqZ9z2PzpvnHx/2IqhRWjQQd7Xc7MbQsbZaQ5qfkioFHLnWGc/+WORpqKPy/sWrg==",
            "requires": {
                "@fluentui/set-version": "^8.1.4",
                "tslib": "^2.1.0"
            }
        },
        "@fluentui/font-icons-mdl2": {
            "version": "8.1.11",
            "resolved": "https://registry.npmjs.org/@fluentui/font-icons-mdl2/-/font-icons-mdl2-8.1.11.tgz",
            "integrity": "sha512-R9ZBsoacKe91VcB+5D3u+AG9Au1snJ9jUItbWjTVJ+fIYXSZ01XB4Rmj/P0H+giUwFxYVpjOy0ybF2JLA6MddA==",
            "requires": {
                "@fluentui/set-version": "^8.1.4",
                "@fluentui/style-utilities": "^8.3.2",
                "tslib": "^2.1.0"
            }
        },
        "@fluentui/foundation-legacy": {
            "version": "8.1.11",
            "resolved": "https://registry.npmjs.org/@fluentui/foundation-legacy/-/foundation-legacy-8.1.11.tgz",
            "integrity": "sha512-1Yyvk9gk4SoVuhmYi4tjRnEK6edz6juNw1mVi9mTacPB460KrtCbRswcE+IhVQJZCYAljlv4GQcob7J3CwCoyA==",
            "requires": {
                "@fluentui/merge-styles": "^8.1.5",
                "@fluentui/set-version": "^8.1.4",
                "@fluentui/style-utilities": "^8.3.2",
                "@fluentui/utilities": "^8.3.2",
                "tslib": "^2.1.0"
            }
        },
        "@fluentui/keyboard-key": {
            "version": "0.3.4",
            "resolved": "https://registry.npmjs.org/@fluentui/keyboard-key/-/keyboard-key-0.3.4.tgz",
            "integrity": "sha512-pVY2m3IC5+LLmMzsaPApX9eKTzpOzdgQwrR3FNTE6mGx3N/+QWYM7fdF+T1ldZQt87dCRSeQnmAo5kqjtxeA/w==",
            "requires": {
                "tslib": "^2.1.0"
            }
        },
        "@fluentui/merge-styles": {
            "version": "8.1.5",
            "resolved": "https://registry.npmjs.org/@fluentui/merge-styles/-/merge-styles-8.1.5.tgz",
            "integrity": "sha512-hmEb5LnOxCTpM/6oJQJI0w5AlYzwrceozPgsMdOF5BuT5MkXPlXLK3L2auzXGNYHkoGiouH61ImsS/TSM0mV/g==",
            "requires": {
                "@fluentui/set-version": "^8.1.4",
                "tslib": "^2.1.0"
            }
        },
        "@fluentui/react": {
            "version": "8.30.3",
            "resolved": "https://registry.npmjs.org/@fluentui/react/-/react-8.30.3.tgz",
            "integrity": "sha512-RKyksuYz2YhzKqly5SambtWHeysqdFwG6eZ7aJKABUNlLqXCqWGRlt9lj7nAgwpey6B5sWyj5h944+8iF1Iqrg==",
            "requires": {
                "@fluentui/date-time-utilities": "^8.2.2",
                "@fluentui/font-icons-mdl2": "^8.1.11",
                "@fluentui/foundation-legacy": "^8.1.11",
                "@fluentui/merge-styles": "^8.1.5",
                "@fluentui/react-focus": "^8.2.2",
                "@fluentui/react-hooks": "^8.3.2",
                "@fluentui/react-window-provider": "^2.1.4",
                "@fluentui/set-version": "^8.1.4",
                "@fluentui/style-utilities": "^8.3.2",
                "@fluentui/theme": "^2.3.2",
                "@fluentui/utilities": "^8.3.2",
                "@microsoft/load-themed-styles": "^1.10.26",
                "tslib": "^2.1.0"
            }
        },
        "@fluentui/react-bindings": {
            "version": "0.57.0",
            "resolved": "https://registry.npmjs.org/@fluentui/react-bindings/-/react-bindings-0.57.0.tgz",
            "integrity": "sha512-gSaOfSdkA/L3r56T1AofAQhDY7iiRWyfA9ZUl8mE+HH69ltXUBGAtUFQbZMJo9uIgcOwzVXS1gzykIyoNh4g0g==",
            "requires": {
                "@babel/runtime": "^7.10.4",
                "@fluentui/accessibility": "^0.57.0",
                "@fluentui/react-component-event-listener": "^0.57.0",
                "@fluentui/react-component-ref": "^0.57.0",
                "@fluentui/react-northstar-fela-renderer": "^0.57.0",
                "@fluentui/react-northstar-styles-renderer": "^0.57.0",
                "@fluentui/state": "^0.57.0",
                "@fluentui/styles": "^0.57.0",
                "@uifabric/utilities": "^7.32.3",
                "classnames": "^2.2.6",
                "lodash": "^4.17.15",
                "prop-types": "^15.7.2",
                "react-is": "^16.6.3",
                "scheduler": "^0.20.1"
            },
            "dependencies": {
                "react-is": {
                    "version": "16.13.1",
                    "resolved": "https://registry.npmjs.org/react-is/-/react-is-16.13.1.tgz",
                    "integrity": "sha512-24e6ynE2H+OKt4kqsOvNd8kBpV65zoxbA4BVsEOB3ARVWQki/DHzaUoC5KuON/BiccDaCCTZBuOcfZs70kR8bQ=="
                }
            }
        },
        "@fluentui/react-component-event-listener": {
            "version": "0.57.0",
            "resolved": "https://registry.npmjs.org/@fluentui/react-component-event-listener/-/react-component-event-listener-0.57.0.tgz",
            "integrity": "sha512-Lo5cMcxpchHVFdg9SxMdXL/EqQOXz1hEc3QrFLP/mbI3e0uIx5VgFJKZWuk4agp8cQFV5hV3bp6FibHHY1NKtw==",
            "requires": {
                "@babel/runtime": "^7.10.4"
            }
        },
        "@fluentui/react-component-ref": {
            "version": "0.57.0",
            "resolved": "https://registry.npmjs.org/@fluentui/react-component-ref/-/react-component-ref-0.57.0.tgz",
            "integrity": "sha512-9in4Ax01EwW/0N+DQ03ETkG7t7nvDVrZ6HfaghPFTW1YInAJ0iA8tGbXz/Mgq7TpxmrRSLKX/AzPYk/kgMYn8A==",
            "requires": {
                "@babel/runtime": "^7.10.4",
                "react-is": "^16.6.3"
            },
            "dependencies": {
                "react-is": {
                    "version": "16.13.1",
                    "resolved": "https://registry.npmjs.org/react-is/-/react-is-16.13.1.tgz",
                    "integrity": "sha512-24e6ynE2H+OKt4kqsOvNd8kBpV65zoxbA4BVsEOB3ARVWQki/DHzaUoC5KuON/BiccDaCCTZBuOcfZs70kR8bQ=="
                }
            }
        },
        "@fluentui/react-focus": {
            "version": "8.2.2",
            "resolved": "https://registry.npmjs.org/@fluentui/react-focus/-/react-focus-8.2.2.tgz",
            "integrity": "sha512-cmWPphKuFFPqvxyjmhH4r1v5lw8D3HytSgn/LaMQEHhT6RGuLLnx17QDZBUYCrZ0vyBf3nGnO1lsw+EGGsc1SQ==",
            "requires": {
                "@fluentui/keyboard-key": "^0.3.4",
                "@fluentui/merge-styles": "^8.1.5",
                "@fluentui/set-version": "^8.1.4",
                "@fluentui/style-utilities": "^8.3.2",
                "@fluentui/utilities": "^8.3.2",
                "tslib": "^2.1.0"
            }
        },
        "@fluentui/react-hooks": {
            "version": "8.3.2",
            "resolved": "https://registry.npmjs.org/@fluentui/react-hooks/-/react-hooks-8.3.2.tgz",
            "integrity": "sha512-mGmDCaUjavYj4Bv/IPoNix4HMXX2ZPnPMfyH5X0QjiFEeSuOFlIM6By0sV6Vf30dsjoHNdUUsU461axtFTRVsg==",
            "requires": {
                "@fluentui/react-window-provider": "^2.1.4",
                "@fluentui/set-version": "^8.1.4",
                "@fluentui/utilities": "^8.3.2",
                "tslib": "^2.1.0"
            }
        },
        "@fluentui/react-icons-northstar": {
            "version": "0.57.0",
            "resolved": "https://registry.npmjs.org/@fluentui/react-icons-northstar/-/react-icons-northstar-0.57.0.tgz",
            "integrity": "sha512-5a+R23f2s/U+4a3JbL6Ja6D6dJ4ooez5mS4ssL4+uy3qv4ceLDw238OmJ36jyWtTQSG9mWtL+b9+od49+0mM6w==",
            "requires": {
                "@babel/runtime": "^7.10.4",
                "@fluentui/accessibility": "^0.57.0",
                "@fluentui/react-bindings": "^0.57.0",
                "@fluentui/styles": "^0.57.0",
                "classnames": "^2.2.6"
            }
        },
        "@fluentui/react-northstar-fela-renderer": {
            "version": "0.57.0",
            "resolved": "https://registry.npmjs.org/@fluentui/react-northstar-fela-renderer/-/react-northstar-fela-renderer-0.57.0.tgz",
            "integrity": "sha512-XodKfogFOW2pETOKQfJDvXNgS1c7InN4zWpvYYRtl3a4p9J5A1ylZ/ACpJNMz7JDw06bQNwPdHilPLV8A5mCpQ==",
            "requires": {
                "@babel/runtime": "^7.10.4",
                "@fluentui/react-northstar-styles-renderer": "^0.57.0",
                "@fluentui/styles": "^0.57.0",
                "css-in-js-utils": "^3.0.0",
                "fela": "^10.6.1",
                "fela-plugin-embedded": "^10.6.1",
                "fela-plugin-fallback-value": "^10.6.1",
                "fela-plugin-placeholder-prefixer": "^10.6.1",
                "fela-plugin-rtl": "^10.6.1",
                "fela-utils": "^10.6.1",
                "inline-style-expand-shorthand": "^1.2.0",
                "lodash": "^4.17.15",
                "react-fela": "^10.6.1",
                "stylis": "^3.5.4"
            }
        },
        "@fluentui/react-northstar-styles-renderer": {
            "version": "0.57.0",
            "resolved": "https://registry.npmjs.org/@fluentui/react-northstar-styles-renderer/-/react-northstar-styles-renderer-0.57.0.tgz",
            "integrity": "sha512-sqxfwVrMBV9nNPrIIbBlCCzlDlYhbNK02Cz0H8kJK7oE3pNcZ90BzQmXj/jmDiZArYwMyQH75jfTSI7FD4EaMA==",
            "requires": {
                "@babel/runtime": "^7.10.4",
                "@fluentui/styles": "^0.57.0"
            }
        },
        "@fluentui/react-window-provider": {
            "version": "2.1.4",
            "resolved": "https://registry.npmjs.org/@fluentui/react-window-provider/-/react-window-provider-2.1.4.tgz",
            "integrity": "sha512-RztmJ7ol2eMDr3NCs2OcAA1cQjZdPPUEa4aurgh4Aq+JM/BiY0aK6S4SeFtVD7F8Q7PBOz/xwOG4HlnSMQtlsg==",
            "requires": {
                "@fluentui/set-version": "^8.1.4",
                "tslib": "^2.1.0"
            }
        },
        "@fluentui/set-version": {
            "version": "8.1.4",
            "resolved": "https://registry.npmjs.org/@fluentui/set-version/-/set-version-8.1.4.tgz",
            "integrity": "sha512-2otMyJ+s+W+hjBD4BKjwYKKinJUDeIKYKz93qKrrJS0i3fKfftNroy9dHFlIblZ7n747L334plLi3bzQO1bnvA==",
            "requires": {
                "tslib": "^2.1.0"
            }
        },
        "@fluentui/state": {
            "version": "0.57.0",
            "resolved": "https://registry.npmjs.org/@fluentui/state/-/state-0.57.0.tgz",
            "integrity": "sha512-9WNGHMweJgx588HNO68sMdcH1lVFU3eXnc34OygDsHh/k3ctCMFaJk+KCTZRqBl60bUE3zcbFoP54BtQFuS5gg==",
            "requires": {
                "@babel/runtime": "^7.10.4"
            }
        },
        "@fluentui/style-utilities": {
            "version": "8.3.2",
            "resolved": "https://registry.npmjs.org/@fluentui/style-utilities/-/style-utilities-8.3.2.tgz",
            "integrity": "sha512-AuP3IlnANCDfECAkcpP3bQaTaG8ZsS7yphPmA2zpLEyHHDS2QS1OWDyh2WvajwGkvjOCdWjo+eLEq6rE29JY6g==",
            "requires": {
                "@fluentui/merge-styles": "^8.1.5",
                "@fluentui/set-version": "^8.1.4",
                "@fluentui/theme": "^2.3.2",
                "@fluentui/utilities": "^8.3.2",
                "@microsoft/load-themed-styles": "^1.10.26",
                "tslib": "^2.1.0"
            }
        },
        "@fluentui/styles": {
            "version": "0.57.0",
            "resolved": "https://registry.npmjs.org/@fluentui/styles/-/styles-0.57.0.tgz",
            "integrity": "sha512-gbVjouBiTsYLeSh4JuDIoL472rPvU24cIOjMu6UT6dlkMWgNJ8s32fAX9UosBow0GltMHHC91AzkSFQmCEgfzw==",
            "requires": {
                "@babel/runtime": "^7.10.4",
                "csstype": "^2.6.7",
                "lodash": "^4.17.15"
            }
        },
        "@fluentui/theme": {
            "version": "2.3.2",
            "resolved": "https://registry.npmjs.org/@fluentui/theme/-/theme-2.3.2.tgz",
            "integrity": "sha512-ND6hOONR4wYNccdnvXre8i9cvd9ZZkfihIAGd7X+3+TobN6pMroFDfhygoU/ShaeX2Uy1BrKIpWHnIiokzuCBw==",
            "requires": {
                "@fluentui/merge-styles": "^8.1.5",
                "@fluentui/set-version": "^8.1.4",
                "@fluentui/utilities": "^8.3.2",
                "tslib": "^2.1.0"
            }
        },
        "@fluentui/utilities": {
            "version": "8.3.2",
            "resolved": "https://registry.npmjs.org/@fluentui/utilities/-/utilities-8.3.2.tgz",
            "integrity": "sha512-XP/NG3jg8LqLzU139SuNzO01nu7IAizlnC9KWNkYxrV5Hc9pGrW/seKloc7F7RVK36Vr5l4gl3DXX9lhUZUP/Q==",
            "requires": {
                "@fluentui/dom-utilities": "^2.1.4",
                "@fluentui/merge-styles": "^8.1.5",
                "@fluentui/set-version": "^8.1.4",
                "tslib": "^2.1.0"
            }
        },
        "@material-ui/core": {
            "version": "4.12.3",
            "resolved": "https://registry.npmjs.org/@material-ui/core/-/core-4.12.3.tgz",
            "integrity": "sha512-sdpgI/PL56QVsEJldwEe4FFaFTLUqN+rd7sSZiRCdx2E/C7z5yK0y/khAWVBH24tXwto7I1hCzNWfJGZIYJKnw==",
            "requires": {
                "@babel/runtime": "^7.4.4",
                "@material-ui/styles": "^4.11.4",
                "@material-ui/system": "^4.12.1",
                "@material-ui/types": "5.1.0",
                "@material-ui/utils": "^4.11.2",
                "@types/react-transition-group": "^4.2.0",
                "clsx": "^1.0.4",
                "hoist-non-react-statics": "^3.3.2",
                "popper.js": "1.16.1-lts",
                "prop-types": "^15.7.2",
                "react-is": "^16.8.0 || ^17.0.0",
                "react-transition-group": "^4.4.0"
            }
        },
        "@material-ui/styles": {
            "version": "4.11.4",
            "resolved": "https://registry.npmjs.org/@material-ui/styles/-/styles-4.11.4.tgz",
            "integrity": "sha512-KNTIZcnj/zprG5LW0Sao7zw+yG3O35pviHzejMdcSGCdWbiO8qzRgOYL8JAxAsWBKOKYwVZxXtHWaB5T2Kvxew==",
            "requires": {
                "@babel/runtime": "^7.4.4",
                "@emotion/hash": "^0.8.0",
                "@material-ui/types": "5.1.0",
                "@material-ui/utils": "^4.11.2",
                "clsx": "^1.0.4",
                "csstype": "^2.5.2",
                "hoist-non-react-statics": "^3.3.2",
                "jss": "^10.5.1",
                "jss-plugin-camel-case": "^10.5.1",
                "jss-plugin-default-unit": "^10.5.1",
                "jss-plugin-global": "^10.5.1",
                "jss-plugin-nested": "^10.5.1",
                "jss-plugin-props-sort": "^10.5.1",
                "jss-plugin-rule-value-function": "^10.5.1",
                "jss-plugin-vendor-prefixer": "^10.5.1",
                "prop-types": "^15.7.2"
            }
        },
        "@material-ui/system": {
            "version": "4.12.1",
            "resolved": "https://registry.npmjs.org/@material-ui/system/-/system-4.12.1.tgz",
            "integrity": "sha512-lUdzs4q9kEXZGhbN7BptyiS1rLNHe6kG9o8Y307HCvF4sQxbCgpL2qi+gUk+yI8a2DNk48gISEQxoxpgph0xIw==",
            "requires": {
                "@babel/runtime": "^7.4.4",
                "@material-ui/utils": "^4.11.2",
                "csstype": "^2.5.2",
                "prop-types": "^15.7.2"
            }
        },
        "@material-ui/types": {
            "version": "5.1.0",
            "resolved": "https://registry.npmjs.org/@material-ui/types/-/types-5.1.0.tgz",
            "integrity": "sha512-7cqRjrY50b8QzRSYyhSpx4WRw2YuO0KKIGQEVk5J8uoz2BanawykgZGoWEqKm7pVIbzFDN0SpPcVV4IhOFkl8A=="
        },
        "@material-ui/utils": {
            "version": "4.11.2",
            "resolved": "https://registry.npmjs.org/@material-ui/utils/-/utils-4.11.2.tgz",
            "integrity": "sha512-Uul8w38u+PICe2Fg2pDKCaIG7kOyhowZ9vjiC1FsVwPABTW8vPPKfF6OvxRq3IiBaI1faOJmgdvMG7rMJARBhA==",
            "requires": {
                "@babel/runtime": "^7.4.4",
                "prop-types": "^15.7.2",
                "react-is": "^16.8.0 || ^17.0.0"
            }
        },
        "@microsoft/load-themed-styles": {
            "version": "1.10.206",
            "resolved": "https://registry.npmjs.org/@microsoft/load-themed-styles/-/load-themed-styles-1.10.206.tgz",
            "integrity": "sha512-Q+oO5n0bZqrfC4SFD3b4oAE9RIC9QEncBmLTbFB0saen3xfvMpCKfcPwcGYGh3/hT6035Nmryur7ONthqh83ag=="
        },
        "@types/prop-types": {
            "version": "15.7.4",
            "resolved": "https://registry.npmjs.org/@types/prop-types/-/prop-types-15.7.4.tgz",
            "integrity": "sha512-rZ5drC/jWjrArrS8BR6SIr4cWpW09RNTYt9AMZo3Jwwif+iacXAqgVjm0B0Bv/S1jhDXKHqRVNCbACkJ89RAnQ=="
        },
        "@types/react": {
            "version": "17.0.19",
            "resolved": "https://registry.npmjs.org/@types/react/-/react-17.0.19.tgz",
            "integrity": "sha512-sX1HisdB1/ZESixMTGnMxH9TDe8Sk709734fEQZzCV/4lSu9kJCPbo2PbTRoZM+53Pp0P10hYVyReUueGwUi4A==",
            "requires": {
                "@types/prop-types": "*",
                "@types/scheduler": "*",
                "csstype": "^3.0.2"
            },
            "dependencies": {
                "csstype": {
                    "version": "3.0.8",
                    "resolved": "https://registry.npmjs.org/csstype/-/csstype-3.0.8.tgz",
                    "integrity": "sha512-jXKhWqXPmlUeoQnF/EhTtTl4C9SnrxSH/jZUih3jmO6lBKr99rP3/+FmrMj4EFpOXzMtXHAZkd3x0E6h6Fgflw=="
                }
            }
        },
        "@types/react-transition-group": {
            "version": "4.4.2",
            "resolved": "https://registry.npmjs.org/@types/react-transition-group/-/react-transition-group-4.4.2.tgz",
            "integrity": "sha512-KibDWL6nshuOJ0fu8ll7QnV/LVTo3PzQ9aCPnRUYPfX7eZohHwLIdNHj7pftanREzHNP4/nJa8oeM73uSiavMQ==",
            "requires": {
                "@types/react": "*"
            }
        },
        "@types/scheduler": {
            "version": "0.16.2",
            "resolved": "https://registry.npmjs.org/@types/scheduler/-/scheduler-0.16.2.tgz",
            "integrity": "sha512-hppQEBDmlwhFAXKJX2KnWLYu5yMfi91yazPb2l+lbJiwW+wdo1gNeRA+3RgNSO39WYX2euey41KEwnqesU2Jew=="
        },
        "@uifabric/merge-styles": {
            "version": "7.19.2",
            "resolved": "https://registry.npmjs.org/@uifabric/merge-styles/-/merge-styles-7.19.2.tgz",
            "integrity": "sha512-kTlhwglDqwVgIaJq+0yXgzi65plGhmFcPrfme/rXUGMJZoU+qlGT5jXj5d3kuI59p6VB8jWEg9DAxHozhYeu0g==",
            "requires": {
                "@uifabric/set-version": "^7.0.24",
                "tslib": "^1.10.0"
            },
            "dependencies": {
                "tslib": {
                    "version": "1.14.1",
                    "resolved": "https://registry.npmjs.org/tslib/-/tslib-1.14.1.tgz",
                    "integrity": "sha512-Xni35NKzjgMrwevysHTCArtLDpPvye8zV/0E4EyYn43P7/7qvQwPh9BGkHewbMulVntbigmcT7rdX3BNo9wRJg=="
                }
            }
        },
        "@uifabric/set-version": {
            "version": "7.0.24",
            "resolved": "https://registry.npmjs.org/@uifabric/set-version/-/set-version-7.0.24.tgz",
            "integrity": "sha512-t0Pt21dRqdC707/ConVJC0WvcQ/KF7tKLU8AZY7YdjgJpMHi1c0C427DB4jfUY19I92f60LOQyhJ4efH+KpFEg==",
            "requires": {
                "tslib": "^1.10.0"
            },
            "dependencies": {
                "tslib": {
                    "version": "1.14.1",
                    "resolved": "https://registry.npmjs.org/tslib/-/tslib-1.14.1.tgz",
                    "integrity": "sha512-Xni35NKzjgMrwevysHTCArtLDpPvye8zV/0E4EyYn43P7/7qvQwPh9BGkHewbMulVntbigmcT7rdX3BNo9wRJg=="
                }
            }
        },
        "@uifabric/utilities": {
            "version": "7.33.5",
            "resolved": "https://registry.npmjs.org/@uifabric/utilities/-/utilities-7.33.5.tgz",
            "integrity": "sha512-I+Oi0deD/xltSluFY8l2EVd/J4mvOaMljxKO2knSD9/KoGDlo/o5GN4gbnVo8nIt76HWHLAk3KtlJKJm6BhbIQ==",
            "requires": {
                "@fluentui/dom-utilities": "^1.1.2",
                "@uifabric/merge-styles": "^7.19.2",
                "@uifabric/set-version": "^7.0.24",
                "prop-types": "^15.7.2",
                "tslib": "^1.10.0"
            },
            "dependencies": {
                "@fluentui/dom-utilities": {
                    "version": "1.1.2",
                    "resolved": "https://registry.npmjs.org/@fluentui/dom-utilities/-/dom-utilities-1.1.2.tgz",
                    "integrity": "sha512-XqPS7l3YoMwxdNlaYF6S2Mp0K3FmVIOIy2K3YkMc+eRxu9wFK6emr2Q/3rBhtG5u/On37NExRT7/5CTLnoi9gw==",
                    "requires": {
                        "@uifabric/set-version": "^7.0.24",
                        "tslib": "^1.10.0"
                    }
                },
                "tslib": {
                    "version": "1.14.1",
                    "resolved": "https://registry.npmjs.org/tslib/-/tslib-1.14.1.tgz",
                    "integrity": "sha512-Xni35NKzjgMrwevysHTCArtLDpPvye8zV/0E4EyYn43P7/7qvQwPh9BGkHewbMulVntbigmcT7rdX3BNo9wRJg=="
                }
            }
        },
        "classnames": {
            "version": "2.3.1",
            "resolved": "https://registry.npmjs.org/classnames/-/classnames-2.3.1.tgz",
            "integrity": "sha512-OlQdbZ7gLfGarSqxesMesDa5uz7KFbID8Kpq/SxIoNGDqY8lSYs0D+hhtBXhcdB3rcbXArFr7vlHheLk1voeNA=="
        },
        "clsx": {
            "version": "1.1.1",
            "resolved": "https://registry.npmjs.org/clsx/-/clsx-1.1.1.tgz",
            "integrity": "sha512-6/bPho624p3S2pMyvP5kKBPXnI3ufHLObBFCfgx+LkeR5lg2XYy2hqZqUf45ypD8COn2bhgGJSUE+l5dhNBieA=="
        },
        "css-in-js-utils": {
            "version": "3.1.0",
            "resolved": "https://registry.npmjs.org/css-in-js-utils/-/css-in-js-utils-3.1.0.tgz",
            "integrity": "sha512-fJAcud6B3rRu+KHYk+Bwf+WFL2MDCJJ1XG9x137tJQ0xYxor7XziQtuGFbWNdqrvF4Tk26O3H73nfVqXt/fW1A==",
            "requires": {
                "hyphenate-style-name": "^1.0.3"
            }
        },
        "css-vendor": {
            "version": "2.0.8",
            "resolved": "https://registry.npmjs.org/css-vendor/-/css-vendor-2.0.8.tgz",
            "integrity": "sha512-x9Aq0XTInxrkuFeHKbYC7zWY8ai7qJ04Kxd9MnvbC1uO5DagxoHQjm4JvG+vCdXOoFtCjbL2XSZfxmoYa9uQVQ==",
            "requires": {
                "@babel/runtime": "^7.8.3",
                "is-in-browser": "^1.0.2"
            }
        },
        "csstype": {
            "version": "2.6.17",
            "resolved": "https://registry.npmjs.org/csstype/-/csstype-2.6.17.tgz",
            "integrity": "sha512-u1wmTI1jJGzCJzWndZo8mk4wnPTZd1eOIYTYvuEyOQGfmDl3TrabCCfKnOC86FZwW/9djqTl933UF/cS425i9A=="
        },
        "dom-helpers": {
            "version": "5.2.1",
            "resolved": "https://registry.npmjs.org/dom-helpers/-/dom-helpers-5.2.1.tgz",
            "integrity": "sha512-nRCa7CK3VTrM2NmGkIy4cbK7IZlgBE/PYMn55rrXefr5xXDP0LdtfPnblFDoVdcAfslJ7or6iqAUnx0CCGIWQA==",
            "requires": {
                "@babel/runtime": "^7.8.7",
                "csstype": "^3.0.2"
            },
            "dependencies": {
                "csstype": {
                    "version": "3.0.8",
                    "resolved": "https://registry.npmjs.org/csstype/-/csstype-3.0.8.tgz",
                    "integrity": "sha512-jXKhWqXPmlUeoQnF/EhTtTl4C9SnrxSH/jZUih3jmO6lBKr99rP3/+FmrMj4EFpOXzMtXHAZkd3x0E6h6Fgflw=="
                }
            }
        },
        "fast-loops": {
            "version": "1.1.3",
            "resolved": "https://registry.npmjs.org/fast-loops/-/fast-loops-1.1.3.tgz",
            "integrity": "sha512-8EZzEP0eKkEEVX+drtd9mtuQ+/QrlfW/5MlwcwK5Nds6EkZ/tRzEexkzUY2mIssnAyVLT+TKHuRXmFNNXYUd6g=="
        },
        "fela": {
            "version": "10.8.2",
            "resolved": "https://registry.npmjs.org/fela/-/fela-10.8.2.tgz",
            "integrity": "sha512-rdF2h6U9gBhLged2WpOE43zqDG3f9rV7PNmcCoTuMIoKZqN0tYsc71nJRS7aNQtk+kRB5VsvMpoK0JGbs4s0qA==",
            "requires": {
                "css-in-js-utils": "^3.0.0",
                "csstype": "^2.5.5",
                "fast-loops": "^1.0.0",
                "fela-utils": "^10.8.2",
                "isobject": "^3.0.1"
            }
        },
        "fela-bindings": {
            "version": "10.8.2",
            "resolved": "https://registry.npmjs.org/fela-bindings/-/fela-bindings-10.8.2.tgz",
            "integrity": "sha512-NeZaTD8XaR2HmZKdVy0X2eTsTXeN9w/9ys0sd101djI4lD7rjfU6NroUB5YeGtOV/drehs7ufbzI/rStVUYx1g==",
            "requires": {
                "fast-loops": "^1.0.0",
                "fela-dom": "^10.8.2",
                "fela-tools": "^10.8.2",
                "react-addons-shallow-compare": "^15.6.2",
                "shallow-equal": "^1.0.0"
            }
        },
        "fela-dom": {
            "version": "10.8.2",
            "resolved": "https://registry.npmjs.org/fela-dom/-/fela-dom-10.8.2.tgz",
            "integrity": "sha512-6zv4X180/GT44g+Bss0t4r6zPGdg1VfQrrR4raHZLiviIBOx3QbHO2m/JAs3Hp22GF9X2jKItwyT2hGVw3c2fw==",
            "requires": {
                "css-in-js-utils": "^3.0.0",
                "fast-loops": "^1.0.1",
                "fela-utils": "^10.8.2"
            }
        },
        "fela-plugin-custom-property": {
            "version": "10.8.2",
            "resolved": "https://registry.npmjs.org/fela-plugin-custom-property/-/fela-plugin-custom-property-10.8.2.tgz",
            "integrity": "sha512-SFbuMRQpetEUYwMsG0ngZrdEB7N7ytH+jsXeWt54GKhdz68XcvbAEIoc5vWSPiNVBKH47jV3+dwXjhejd5AdaQ==",
            "requires": {
                "css-in-js-utils": "^3.0.0",
                "isobject": "^3.0.1"
            }
        },
        "fela-plugin-embedded": {
            "version": "10.8.2",
            "resolved": "https://registry.npmjs.org/fela-plugin-embedded/-/fela-plugin-embedded-10.8.2.tgz",
            "integrity": "sha512-HeLyDJHQgpBEMbWjsCES1Jtptawtaqnp0Ml3zKebPMrryCQj4j0k4VdyzcS+QzE4M0JD1r0FYhKla+mpuMP5Qw==",
            "requires": {
                "fast-loops": "^1.0.0",
                "isobject": "^3.0.1"
            }
        },
        "fela-plugin-fallback-value": {
            "version": "10.8.2",
            "resolved": "https://registry.npmjs.org/fela-plugin-fallback-value/-/fela-plugin-fallback-value-10.8.2.tgz",
            "integrity": "sha512-pjNQ4TJVJz8rDS8kEB7afRDHelQFzi0kIOhLSR0/LWLLFC7CfaQ3Vop9/w5Ot7iJtH8oR1dAxSQEyk497QcyPw==",
            "requires": {
                "css-in-js-utils": "^3.0.0",
                "isobject": "^3.0.1"
            }
        },
        "fela-plugin-placeholder-prefixer": {
            "version": "10.8.2",
            "resolved": "https://registry.npmjs.org/fela-plugin-placeholder-prefixer/-/fela-plugin-placeholder-prefixer-10.8.2.tgz",
            "integrity": "sha512-5Uh1ceC03mnfZanlxb4Y4F3MJNoqcReb5lFhme9Yuh74gwFYUAFgsA/vjE2FXfJ8DG4OP69cB/JEGc5cBRtjAg==",
            "requires": {
                "fast-loops": "^1.0.0",
                "fela-plugin-custom-property": "^10.8.2"
            }
        },
        "fela-plugin-rtl": {
            "version": "10.8.2",
            "resolved": "https://registry.npmjs.org/fela-plugin-rtl/-/fela-plugin-rtl-10.8.2.tgz",
            "integrity": "sha512-Xc3uYTNU0TponAtMwqfJQc/F33gACCCPr7QOMqpJurlYUU9VaYhchgs7YMocqns6kBPRGrYc0mYiQqNCfpKsjw==",
            "requires": {
                "rtl-css-js": "^1.1.3"
            }
        },
        "fela-tools": {
            "version": "10.8.2",
            "resolved": "https://registry.npmjs.org/fela-tools/-/fela-tools-10.8.2.tgz",
            "integrity": "sha512-9HVPA7PABxCh8ybiDlhhVKuFlVeFazmhthlf5CybiFcxh6DVKDEacYsFdXSC7NGJW2i4cWACiy7pjUvOyvqhRQ==",
            "requires": {
                "css-in-js-utils": "^3.0.0",
                "fast-loops": "^1.0.0",
                "fela": "^10.8.2",
                "fela-utils": "^10.8.2"
            }
        },
        "fela-utils": {
            "version": "10.8.2",
            "resolved": "https://registry.npmjs.org/fela-utils/-/fela-utils-10.8.2.tgz",
            "integrity": "sha512-RmoDOIby14Zb3Xn03noLolyMC2528xcNO5KcNCaznyByd1Acq8DnvQn91Ph9nBLcLqdC1rGme5HwRcrCOHG+kA==",
            "requires": {
                "css-in-js-utils": "^3.0.0",
                "fast-loops": "^1.0.0"
            }
        },
        "hoist-non-react-statics": {
            "version": "3.3.2",
            "resolved": "https://registry.npmjs.org/hoist-non-react-statics/-/hoist-non-react-statics-3.3.2.tgz",
            "integrity": "sha512-/gGivxi8JPKWNm/W0jSmzcMPpfpPLc3dY/6GxhX2hQ9iGj3aDfklV4ET7NjKpSinLpJ5vafa9iiGIEZg10SfBw==",
            "requires": {
                "react-is": "^16.7.0"
            },
            "dependencies": {
                "react-is": {
                    "version": "16.13.1",
                    "resolved": "https://registry.npmjs.org/react-is/-/react-is-16.13.1.tgz",
                    "integrity": "sha512-24e6ynE2H+OKt4kqsOvNd8kBpV65zoxbA4BVsEOB3ARVWQki/DHzaUoC5KuON/BiccDaCCTZBuOcfZs70kR8bQ=="
                }
            }
        },
        "hyphenate-style-name": {
            "version": "1.0.4",
            "resolved": "https://registry.npmjs.org/hyphenate-style-name/-/hyphenate-style-name-1.0.4.tgz",
            "integrity": "sha512-ygGZLjmXfPHj+ZWh6LwbC37l43MhfztxetbFCoYTM2VjkIUpeHgSNn7QIyVFj7YQ1Wl9Cbw5sholVJPzWvC2MQ=="
        },
        "inline-style-expand-shorthand": {
            "version": "1.2.0",
            "resolved": "https://registry.npmjs.org/inline-style-expand-shorthand/-/inline-style-expand-shorthand-1.2.0.tgz",
            "integrity": "sha512-YdteDMlG1StHeEXF7opaVfPMCIVO8B4TPjE6kZLwdhZdgjH3Q7lxwSe+89sMhdPN77F3quOYhBbqBE0+KXuHpA=="
        },
        "is-in-browser": {
            "version": "1.1.3",
            "resolved": "https://registry.npmjs.org/is-in-browser/-/is-in-browser-1.1.3.tgz",
            "integrity": "sha1-Vv9NtoOgeMYILrldrX3GLh0E+DU="
        },
        "isobject": {
            "version": "3.0.1",
            "resolved": "https://registry.npmjs.org/isobject/-/isobject-3.0.1.tgz",
            "integrity": "sha1-TkMekrEalzFjaqH5yNHMvP2reN8="
        },
        "js-tokens": {
            "version": "4.0.0",
            "resolved": "https://registry.npmjs.org/js-tokens/-/js-tokens-4.0.0.tgz",
            "integrity": "sha512-RdJUflcE3cUzKiMqQgsCu06FPu9UdIJO0beYbPhHN4k6apgJtifcoCtT9bcxOpYBtpD2kCM6Sbzg4CausW/PKQ=="
        },
        "jss": {
            "version": "10.7.1",
            "resolved": "https://registry.npmjs.org/jss/-/jss-10.7.1.tgz",
            "integrity": "sha512-5QN8JSVZR6cxpZNeGfzIjqPEP+ZJwJJfZbXmeABNdxiExyO+eJJDy6WDtqTf8SDKnbL5kZllEpAP71E/Lt7PXg==",
            "requires": {
                "@babel/runtime": "^7.3.1",
                "csstype": "^3.0.2",
                "is-in-browser": "^1.1.3",
                "tiny-warning": "^1.0.2"
            },
            "dependencies": {
                "csstype": {
                    "version": "3.0.8",
                    "resolved": "https://registry.npmjs.org/csstype/-/csstype-3.0.8.tgz",
                    "integrity": "sha512-jXKhWqXPmlUeoQnF/EhTtTl4C9SnrxSH/jZUih3jmO6lBKr99rP3/+FmrMj4EFpOXzMtXHAZkd3x0E6h6Fgflw=="
                }
            }
        },
        "jss-plugin-camel-case": {
            "version": "10.7.1",
            "resolved": "https://registry.npmjs.org/jss-plugin-camel-case/-/jss-plugin-camel-case-10.7.1.tgz",
            "integrity": "sha512-+ioIyWvmAfgDCWXsQcW1NMnLBvRinOVFkSYJUgewQ6TynOcSj5F1bSU23B7z0p1iqK0PPHIU62xY1iNJD33WGA==",
            "requires": {
                "@babel/runtime": "^7.3.1",
                "hyphenate-style-name": "^1.0.3",
                "jss": "10.7.1"
            }
        },
        "jss-plugin-default-unit": {
            "version": "10.7.1",
            "resolved": "https://registry.npmjs.org/jss-plugin-default-unit/-/jss-plugin-default-unit-10.7.1.tgz",
            "integrity": "sha512-tW+dfYVNARBQb/ONzBwd8uyImigyzMiAEDai+AbH5rcHg5h3TtqhAkxx06iuZiT/dZUiFdSKlbe3q9jZGAPIwA==",
            "requires": {
                "@babel/runtime": "^7.3.1",
                "jss": "10.7.1"
            }
        },
        "jss-plugin-global": {
            "version": "10.7.1",
            "resolved": "https://registry.npmjs.org/jss-plugin-global/-/jss-plugin-global-10.7.1.tgz",
            "integrity": "sha512-FbxCnu44IkK/bw8X3CwZKmcAnJqjAb9LujlAc/aP0bMSdVa3/MugKQRyeQSu00uGL44feJJDoeXXiHOakBr/Zw==",
            "requires": {
                "@babel/runtime": "^7.3.1",
                "jss": "10.7.1"
            }
        },
        "jss-plugin-nested": {
            "version": "10.7.1",
            "resolved": "https://registry.npmjs.org/jss-plugin-nested/-/jss-plugin-nested-10.7.1.tgz",
            "integrity": "sha512-RNbICk7FlYKaJyv9tkMl7s6FFfeLA3ubNIFKvPqaWtADK0KUaPsPXVYBkAu4x1ItgsWx67xvReMrkcKA0jSXfA==",
            "requires": {
                "@babel/runtime": "^7.3.1",
                "jss": "10.7.1",
                "tiny-warning": "^1.0.2"
            }
        },
        "jss-plugin-props-sort": {
            "version": "10.7.1",
            "resolved": "https://registry.npmjs.org/jss-plugin-props-sort/-/jss-plugin-props-sort-10.7.1.tgz",
            "integrity": "sha512-eyd5FhA+J0QrpqXxO7YNF/HMSXXl4pB0EmUdY4vSJI4QG22F59vQ6AHtP6fSwhmBdQ98Qd9gjfO+RMxcE39P1A==",
            "requires": {
                "@babel/runtime": "^7.3.1",
                "jss": "10.7.1"
            }
        },
        "jss-plugin-rule-value-function": {
            "version": "10.7.1",
            "resolved": "https://registry.npmjs.org/jss-plugin-rule-value-function/-/jss-plugin-rule-value-function-10.7.1.tgz",
            "integrity": "sha512-fGAAImlbaHD3fXAHI3ooX6aRESOl5iBt3LjpVjxs9II5u9tzam7pqFUmgTcrip9VpRqYHn8J3gA7kCtm8xKwHg==",
            "requires": {
                "@babel/runtime": "^7.3.1",
                "jss": "10.7.1",
                "tiny-warning": "^1.0.2"
            }
        },
        "jss-plugin-vendor-prefixer": {
            "version": "10.7.1",
            "resolved": "https://registry.npmjs.org/jss-plugin-vendor-prefixer/-/jss-plugin-vendor-prefixer-10.7.1.tgz",
            "integrity": "sha512-1UHFmBn7hZNsHXTkLLOL8abRl8vi+D1EVzWD4WmLFj55vawHZfnH1oEz6TUf5Y61XHv0smdHabdXds6BgOXe3A==",
            "requires": {
                "@babel/runtime": "^7.3.1",
                "css-vendor": "^2.0.8",
                "jss": "10.7.1"
            }
        },
        "lodash": {
            "version": "4.17.21",
            "resolved": "https://registry.npmjs.org/lodash/-/lodash-4.17.21.tgz",
            "integrity": "sha512-v2kDEe57lecTulaDIuNTPy3Ry4gLGJ6Z1O3vE1krgXZNrsQ+LFTGHVxVjcXPs17LhbZVGedAJv8XZ1tvj5FvSg=="
        },
        "loose-envify": {
            "version": "1.4.0",
            "resolved": "https://registry.npmjs.org/loose-envify/-/loose-envify-1.4.0.tgz",
            "integrity": "sha512-lyuxPGr/Wfhrlem2CL/UcnUc1zcqKAImBDzukY7Y5F/yQiNdko6+fRLevlw1HgMySw7f611UIY408EtxRSoK3Q==",
            "requires": {
                "js-tokens": "^3.0.0 || ^4.0.0"
            }
        },
        "object-assign": {
            "version": "4.1.1",
            "resolved": "https://registry.npmjs.org/object-assign/-/object-assign-4.1.1.tgz",
            "integrity": "sha1-IQmtx5ZYh8/AXLvUQsrIv7s2CGM="
        },
        "popper.js": {
            "version": "1.16.1-lts",
            "resolved": "https://registry.npmjs.org/popper.js/-/popper.js-1.16.1-lts.tgz",
            "integrity": "sha512-Kjw8nKRl1m+VrSFCoVGPph93W/qrSO7ZkqPpTf7F4bk/sqcfWK019dWBUpE/fBOsOQY1dks/Bmcbfn1heM/IsA=="
        },
        "prop-types": {
            "version": "15.7.2",
            "resolved": "https://registry.npmjs.org/prop-types/-/prop-types-15.7.2.tgz",
            "integrity": "sha512-8QQikdH7//R2vurIJSutZ1smHYTcLpRWEOlHnzcWHmBYrOGUysKwSsrC89BCiFj3CbrfJ/nXFdJepOVrY1GCHQ==",
            "requires": {
                "loose-envify": "^1.4.0",
                "object-assign": "^4.1.1",
                "react-is": "^16.8.1"
            },
            "dependencies": {
                "react-is": {
                    "version": "16.13.1",
                    "resolved": "https://registry.npmjs.org/react-is/-/react-is-16.13.1.tgz",
                    "integrity": "sha512-24e6ynE2H+OKt4kqsOvNd8kBpV65zoxbA4BVsEOB3ARVWQki/DHzaUoC5KuON/BiccDaCCTZBuOcfZs70kR8bQ=="
                }
            }
        },
        "react-addons-shallow-compare": {
            "version": "15.6.3",
            "resolved": "https://registry.npmjs.org/react-addons-shallow-compare/-/react-addons-shallow-compare-15.6.3.tgz",
            "integrity": "sha512-EDJbgKTtGRLhr3wiGDXK/+AEJ59yqGS+tKE6mue0aNXT6ZMR7VJbbzIiT6akotmHg1BLj46ElJSb+NBMp80XBg==",
            "requires": {
                "object-assign": "^4.1.0"
            }
        },
        "react-fela": {
            "version": "10.8.2",
            "resolved": "https://registry.npmjs.org/react-fela/-/react-fela-10.8.2.tgz",
            "integrity": "sha512-TDIuOzxwtPcMhxlR4be/s1Er5b7zS8D42QOzaZZGMJskfH1ULFSOpdlBsb32ivqacXatbGZzshHDXGV5vKNkhQ==",
            "requires": {
                "fela-bindings": "^10.8.2",
                "fela-dom": "^10.8.2",
                "prop-types": "^15.5.8"
            }
        },
        "react-is": {
            "version": "17.0.2",
            "resolved": "https://registry.npmjs.org/react-is/-/react-is-17.0.2.tgz",
            "integrity": "sha512-w2GsyukL62IJnlaff/nRegPQR94C/XXamvMWmSHRJ4y7Ts/4ocGRmTHvOs8PSE6pB3dWOrD/nueuU5sduBsQ4w=="
        },
        "react-transition-group": {
            "version": "4.4.2",
            "resolved": "https://registry.npmjs.org/react-transition-group/-/react-transition-group-4.4.2.tgz",
            "integrity": "sha512-/RNYfRAMlZwDSr6z4zNKV6xu53/e2BuaBbGhbyYIXTrmgu/bGHzmqOs7mJSJBHy9Ud+ApHx3QjrkKSp1pxvlFg==",
            "requires": {
                "@babel/runtime": "^7.5.5",
                "dom-helpers": "^5.0.1",
                "loose-envify": "^1.4.0",
                "prop-types": "^15.6.2"
            }
        },
        "regenerator-runtime": {
            "version": "0.13.9",
            "resolved": "https://registry.npmjs.org/regenerator-runtime/-/regenerator-runtime-0.13.9.tgz",
            "integrity": "sha512-p3VT+cOEgxFsRRA9X4lkI1E+k2/CtnKtU4gcxyaCUreilL/vqI6CdZ3wxVUx3UOUg+gnUOQQcRI7BmSI656MYA=="
        },
        "rtl-css-js": {
            "version": "1.14.2",
            "resolved": "https://registry.npmjs.org/rtl-css-js/-/rtl-css-js-1.14.2.tgz",
            "integrity": "sha512-t6Wc/wpqm8s3kuXAV6tL/T7VS6n0XszzX58CgCsLj3O2xi9ITSLfzYhtl+GKyxCi/3QEqVctOJQwCiDzb2vteQ==",
            "requires": {
                "@babel/runtime": "^7.1.2"
            }
        },
        "scheduler": {
            "version": "0.20.2",
            "resolved": "https://registry.npmjs.org/scheduler/-/scheduler-0.20.2.tgz",
            "integrity": "sha512-2eWfGgAqqWFGqtdMmcL5zCMK1U8KlXv8SQFGglL3CEtd0aDVDWgeF/YoCmvln55m5zSk3J/20hTaSBeSObsQDQ==",
            "requires": {
                "loose-envify": "^1.1.0",
                "object-assign": "^4.1.1"
            }
        },
        "shallow-equal": {
            "version": "1.2.1",
            "resolved": "https://registry.npmjs.org/shallow-equal/-/shallow-equal-1.2.1.tgz",
            "integrity": "sha512-S4vJDjHHMBaiZuT9NPb616CSmLf618jawtv3sufLl6ivK8WocjAo58cXwbRV1cgqxH0Qbv+iUt6m05eqEa2IRA=="
        },
        "stylis": {
            "version": "3.5.4",
            "resolved": "https://registry.npmjs.org/stylis/-/stylis-3.5.4.tgz",
            "integrity": "sha512-8/3pSmthWM7lsPBKv7NXkzn2Uc9W7NotcwGNpJaa3k7WMM1XDCA4MgT5k/8BIexd5ydZdboXtU90XH9Ec4Bv/Q=="
        },
        "tiny-warning": {
            "version": "1.0.3",
            "resolved": "https://registry.npmjs.org/tiny-warning/-/tiny-warning-1.0.3.tgz",
            "integrity": "sha512-lBN9zLN/oAf68o3zNXYrdCt1kP8WsiGW8Oo2ka41b2IM5JL/S1CTyX1rW0mb/zSuJun0ZUrDxx4sqvYS2FWzPA=="
        },
        "tslib": {
            "version": "2.3.1",
            "resolved": "https://registry.npmjs.org/tslib/-/tslib-2.3.1.tgz",
            "integrity": "sha512-77EbyPPpMz+FRFRuAFlWMtmgUWGe9UOG2Z25NqCwiIjRhOf5iKGuzSe5P2w1laq+FkRy4p+PCuVkJSGkzTEKVw=="
        }
    }
}
